// !$*UTF8*$!
{
	archiveVersion = 1;
	classes = {
	};
	objectVersion = 51;
	objects = {

/* Begin PBXBuildFile section */
		4CB89F3D083F43FDB73E1519 /* Pods_Snapchat.framework in Frameworks */ = {isa = PBXBuildFile; fileRef = C923F426A9491863B763F566 /* Pods_Snapchat.framework */; };
		C51FCC95265EC70D00C7822B /* AppDelegate.swift in Sources */ = {isa = PBXBuildFile; fileRef = C51FCC94265EC70D00C7822B /* AppDelegate.swift */; };
		C51FCC97265EC70D00C7822B /* SceneDelegate.swift in Sources */ = {isa = PBXBuildFile; fileRef = C51FCC96265EC70D00C7822B /* SceneDelegate.swift */; };
		C51FCC99265EC70D00C7822B /* iniciarSesionViewController.swift in Sources */ = {isa = PBXBuildFile; fileRef = C51FCC98265EC70D00C7822B /* iniciarSesionViewController.swift */; };
		C51FCC9C265EC70D00C7822B /* Main.storyboard in Resources */ = {isa = PBXBuildFile; fileRef = C51FCC9A265EC70D00C7822B /* Main.storyboard */; };
		C51FCC9E265EC72500C7822B /* Assets.xcassets in Resources */ = {isa = PBXBuildFile; fileRef = C51FCC9D265EC72500C7822B /* Assets.xcassets */; };
		C51FCCA1265EC72500C7822B /* LaunchScreen.storyboard in Resources */ = {isa = PBXBuildFile; fileRef = C51FCC9F265EC72500C7822B /* LaunchScreen.storyboard */; };
		C51FCCA9265ECBD400C7822B /* GoogleService-Info.plist in Resources */ = {isa = PBXBuildFile; fileRef = C51FCCA8265ECBD400C7822B /* GoogleService-Info.plist */; };
		C523F677266FF61D004A5717 /* SnapsViewController.swift in Sources */ = {isa = PBXBuildFile; fileRef = C523F676266FF61D004A5717 /* SnapsViewController.swift */; };
		C523F679266FFDB3004A5717 /* ImagenViewController.swift in Sources */ = {isa = PBXBuildFile; fileRef = C523F678266FFDB3004A5717 /* ImagenViewController.swift */; };
		C5253B8F26714E0700F3A1FA /* register.png in Resources */ = {isa = PBXBuildFile; fileRef = C5253B8E26714E0700F3A1FA /* register.png */; };
		C5253B912671501A00F3A1FA /* registroViewController.swift in Sources */ = {isa = PBXBuildFile; fileRef = C5253B902671501A00F3A1FA /* registroViewController.swift */; };
		C533FA972666FF1D00973392 /* imagen.png in Resources */ = {isa = PBXBuildFile; fileRef = C533FA962666FF1D00973392 /* imagen.png */; };
		C57DC06D26711E82009620A2 /* ElegirUsuarioViewController.swift in Sources */ = {isa = PBXBuildFile; fileRef = C57DC06C26711E82009620A2 /* ElegirUsuarioViewController.swift */; };
		C57DC0732671398D009620A2 /* Usuario.swift in Sources */ = {isa = PBXBuildFile; fileRef = C57DC0722671398D009620A2 /* Usuario.swift */; };
/* End PBXBuildFile section */

/* Begin PBXFileReference section */
		79CA2A9B97D2E1084A59D4C3 /* Pods-Snapchat.release.xcconfig */ = {isa = PBXFileReference; includeInIndex = 1; lastKnownFileType = text.xcconfig; name = "Pods-Snapchat.release.xcconfig"; path = "Target Support Files/Pods-Snapchat/Pods-Snapchat.release.xcconfig"; sourceTree = "<group>"; };
		9ACD2C205850AF93B05B118F /* Pods-Snapchat.debug.xcconfig */ = {isa = PBXFileReference; includeInIndex = 1; lastKnownFileType = text.xcconfig; name = "Pods-Snapchat.debug.xcconfig"; path = "Target Support Files/Pods-Snapchat/Pods-Snapchat.debug.xcconfig"; sourceTree = "<group>"; };
		C51FCC91265EC70D00C7822B /* Snapchat.app */ = {isa = PBXFileReference; explicitFileType = wrapper.application; includeInIndex = 0; path = Snapchat.app; sourceTree = BUILT_PRODUCTS_DIR; };
		C51FCC94265EC70D00C7822B /* AppDelegate.swift */ = {isa = PBXFileReference; lastKnownFileType = sourcecode.swift; path = AppDelegate.swift; sourceTree = "<group>"; };
		C51FCC96265EC70D00C7822B /* SceneDelegate.swift */ = {isa = PBXFileReference; lastKnownFileType = sourcecode.swift; path = SceneDelegate.swift; sourceTree = "<group>"; };
		C51FCC98265EC70D00C7822B /* iniciarSesionViewController.swift */ = {isa = PBXFileReference; lastKnownFileType = sourcecode.swift; path = iniciarSesionViewController.swift; sourceTree = "<group>"; };
		C51FCC9B265EC70D00C7822B /* Base */ = {isa = PBXFileReference; lastKnownFileType = file.storyboard; name = Base; path = Base.lproj/Main.storyboard; sourceTree = "<group>"; };
		C51FCC9D265EC72500C7822B /* Assets.xcassets */ = {isa = PBXFileReference; lastKnownFileType = folder.assetcatalog; path = Assets.xcassets; sourceTree = "<group>"; };
		C51FCCA0265EC72500C7822B /* Base */ = {isa = PBXFileReference; lastKnownFileType = file.storyboard; name = Base; path = Base.lproj/LaunchScreen.storyboard; sourceTree = "<group>"; };
		C51FCCA2265EC72500C7822B /* Info.plist */ = {isa = PBXFileReference; lastKnownFileType = text.plist.xml; path = Info.plist; sourceTree = "<group>"; };
		C51FCCA8265ECBD400C7822B /* GoogleService-Info.plist */ = {isa = PBXFileReference; fileEncoding = 4; lastKnownFileType = text.plist.xml; path = "GoogleService-Info.plist"; sourceTree = "<group>"; };
		C523F675266FEFC7004A5717 /* Snapchat.entitlements */ = {isa = PBXFileReference; lastKnownFileType = text.plist.entitlements; path = Snapchat.entitlements; sourceTree = "<group>"; };
		C523F676266FF61D004A5717 /* SnapsViewController.swift */ = {isa = PBXFileReference; lastKnownFileType = sourcecode.swift; path = SnapsViewController.swift; sourceTree = "<group>"; };
		C523F678266FFDB3004A5717 /* ImagenViewController.swift */ = {isa = PBXFileReference; lastKnownFileType = sourcecode.swift; path = ImagenViewController.swift; sourceTree = "<group>"; };
		C5253B8E26714E0700F3A1FA /* register.png */ = {isa = PBXFileReference; lastKnownFileType = image.png; path = register.png; sourceTree = "<group>"; };
		C5253B902671501A00F3A1FA /* registroViewController.swift */ = {isa = PBXFileReference; lastKnownFileType = sourcecode.swift; path = registroViewController.swift; sourceTree = "<group>"; };
		C533FA962666FF1D00973392 /* imagen.png */ = {isa = PBXFileReference; lastKnownFileType = image.png; path = imagen.png; sourceTree = "<group>"; };
		C57DC06C26711E82009620A2 /* ElegirUsuarioViewController.swift */ = {isa = PBXFileReference; lastKnownFileType = sourcecode.swift; path = ElegirUsuarioViewController.swift; sourceTree = "<group>"; };
		C57DC0722671398D009620A2 /* Usuario.swift */ = {isa = PBXFileReference; lastKnownFileType = sourcecode.swift; path = Usuario.swift; sourceTree = "<group>"; };
		C923F426A9491863B763F566 /* Pods_Snapchat.framework */ = {isa = PBXFileReference; explicitFileType = wrapper.framework; includeInIndex = 0; path = Pods_Snapchat.framework; sourceTree = BUILT_PRODUCTS_DIR; };
/* End PBXFileReference section */

/* Begin PBXFrameworksBuildPhase section */
		C51FCC8E265EC70D00C7822B /* Frameworks */ = {
			isa = PBXFrameworksBuildPhase;
			buildActionMask = 2147483647;
			files = (
				4CB89F3D083F43FDB73E1519 /* Pods_Snapchat.framework in Frameworks */,
			);
			runOnlyForDeploymentPostprocessing = 0;
		};
/* End PBXFrameworksBuildPhase section */

/* Begin PBXGroup section */
		4D57F639EB1474AA6124309C /* Pods */ = {
			isa = PBXGroup;
			children = (
				9ACD2C205850AF93B05B118F /* Pods-Snapchat.debug.xcconfig */,
				79CA2A9B97D2E1084A59D4C3 /* Pods-Snapchat.release.xcconfig */,
			);
			path = Pods;
			sourceTree = "<group>";
		};
		C51FCC88265EC70D00C7822B = {
			isa = PBXGroup;
			children = (
				C51FCC93265EC70D00C7822B /* Snapchat */,
				C51FCC92265EC70D00C7822B /* Products */,
				4D57F639EB1474AA6124309C /* Pods */,
				D7EFFCABDB34D6228735546A /* Frameworks */,
			);
			sourceTree = "<group>";
		};
		C51FCC92265EC70D00C7822B /* Products */ = {
			isa = PBXGroup;
			children = (
				C51FCC91265EC70D00C7822B /* Snapchat.app */,
			);
			name = Products;
			sourceTree = "<group>";
		};
		C51FCC93265EC70D00C7822B /* Snapchat */ = {
			isa = PBXGroup;
			children = (
				C5253B8E26714E0700F3A1FA /* register.png */,
				C57DC06F26713956009620A2 /* Modelos */,
				C57DC06E26713910009620A2 /* ViewControllers */,
				C523F675266FEFC7004A5717 /* Snapchat.entitlements */,
				C533FA962666FF1D00973392 /* imagen.png */,
				C51FCCA8265ECBD400C7822B /* GoogleService-Info.plist */,
				C51FCC94265EC70D00C7822B /* AppDelegate.swift */,
				C51FCC96265EC70D00C7822B /* SceneDelegate.swift */,
				C51FCC9A265EC70D00C7822B /* Main.storyboard */,
				C51FCC9D265EC72500C7822B /* Assets.xcassets */,
				C51FCC9F265EC72500C7822B /* LaunchScreen.storyboard */,
				C51FCCA2265EC72500C7822B /* Info.plist */,
			);
			path = Snapchat;
			sourceTree = "<group>";
		};
		C57DC06E26713910009620A2 /* ViewControllers */ = {
			isa = PBXGroup;
			children = (
				C51FCC98265EC70D00C7822B /* iniciarSesionViewController.swift */,
				C523F676266FF61D004A5717 /* SnapsViewController.swift */,
				C523F678266FFDB3004A5717 /* ImagenViewController.swift */,
				C57DC06C26711E82009620A2 /* ElegirUsuarioViewController.swift */,
				C5253B902671501A00F3A1FA /* registroViewController.swift */,
			);
			path = ViewControllers;
			sourceTree = "<group>";
		};
		C57DC06F26713956009620A2 /* Modelos */ = {
			isa = PBXGroup;
			children = (
				C57DC0722671398D009620A2 /* Usuario.swift */,
			);
			path = Modelos;
			sourceTree = "<group>";
		};
		D7EFFCABDB34D6228735546A /* Frameworks */ = {
			isa = PBXGroup;
			children = (
				C923F426A9491863B763F566 /* Pods_Snapchat.framework */,
			);
			name = Frameworks;
			sourceTree = "<group>";
		};
/* End PBXGroup section */

/* Begin PBXNativeTarget section */
		C51FCC90265EC70D00C7822B /* Snapchat */ = {
			isa = PBXNativeTarget;
			buildConfigurationList = C51FCCA5265EC72500C7822B /* Build configuration list for PBXNativeTarget "Snapchat" */;
			buildPhases = (
				3B88F19ECDDC6E9342F65FA2 /* [CP] Check Pods Manifest.lock */,
				C51FCC8D265EC70D00C7822B /* Sources */,
				C51FCC8E265EC70D00C7822B /* Frameworks */,
				C51FCC8F265EC70D00C7822B /* Resources */,
				4EFAC57C9F2A7763A319FEA2 /* [CP] Embed Pods Frameworks */,
				8E61BA1D11A88E18E0CBDF91 /* [CP] Copy Pods Resources */,
			);
			buildRules = (
			);
			dependencies = (
			);
			name = Snapchat;
			productName = Snapchat;
			productReference = C51FCC91265EC70D00C7822B /* Snapchat.app */;
			productType = "com.apple.product-type.application";
		};
/* End PBXNativeTarget section */

/* Begin PBXProject section */
		C51FCC89265EC70D00C7822B /* Project object */ = {
			isa = PBXProject;
			attributes = {
				LastSwiftUpdateCheck = 1130;
				LastUpgradeCheck = 1130;
				ORGANIZATIONNAME = wilson;
				TargetAttributes = {
					C51FCC90265EC70D00C7822B = {
						CreatedOnToolsVersion = 11.3.1;
					};
				};
			};
			buildConfigurationList = C51FCC8C265EC70D00C7822B /* Build configuration list for PBXProject "Snapchat" */;
			compatibilityVersion = "Xcode 9.3";
			developmentRegion = en;
			hasScannedForEncodings = 0;
			knownRegions = (
				en,
				Base,
			);
			mainGroup = C51FCC88265EC70D00C7822B;
			productRefGroup = C51FCC92265EC70D00C7822B /* Products */;
			projectDirPath = "";
			projectRoot = "";
			targets = (
				C51FCC90265EC70D00C7822B /* Snapchat */,
			);
		};
/* End PBXProject section */

/* Begin PBXResourcesBuildPhase section */
		C51FCC8F265EC70D00C7822B /* Resources */ = {
			isa = PBXResourcesBuildPhase;
			buildActionMask = 2147483647;
			files = (
				C51FCCA1265EC72500C7822B /* LaunchScreen.storyboard in Resources */,
				C533FA972666FF1D00973392 /* imagen.png in Resources */,
				C51FCCA9265ECBD400C7822B /* GoogleService-Info.plist in Resources */,
				C51FCC9E265EC72500C7822B /* Assets.xcassets in Resources */,
				C5253B8F26714E0700F3A1FA /* register.png in Resources */,
				C51FCC9C265EC70D00C7822B /* Main.storyboard in Resources */,
			);
			runOnlyForDeploymentPostprocessing = 0;
		};
/* End PBXResourcesBuildPhase section */

/* Begin PBXShellScriptBuildPhase section */
		3B88F19ECDDC6E9342F65FA2 /* [CP] Check Pods Manifest.lock */ = {
			isa = PBXShellScriptBuildPhase;
			buildActionMask = 2147483647;
			files = (
			);
			inputFileListPaths = (
			);
			inputPaths = (
				"${PODS_PODFILE_DIR_PATH}/Podfile.lock",
				"${PODS_ROOT}/Manifest.lock",
			);
			name = "[CP] Check Pods Manifest.lock";
			outputFileListPaths = (
			);
			outputPaths = (
				"$(DERIVED_FILE_DIR)/Pods-Snapchat-checkManifestLockResult.txt",
			);
			runOnlyForDeploymentPostprocessing = 0;
			shellPath = /bin/sh;
			shellScript = "diff \"${PODS_PODFILE_DIR_PATH}/Podfile.lock\" \"${PODS_ROOT}/Manifest.lock\" > /dev/null\nif [ $? != 0 ] ; then\n    # print error to STDERR\n    echo \"error: The sandbox is not in sync with the Podfile.lock. Run 'pod install' or update your CocoaPods installation.\" >&2\n    exit 1\nfi\n# This output is used by Xcode 'outputs' to avoid re-running this script phase.\necho \"SUCCESS\" > \"${SCRIPT_OUTPUT_FILE_0}\"\n";
			showEnvVarsInLog = 0;
		};
		4EFAC57C9F2A7763A319FEA2 /* [CP] Embed Pods Frameworks */ = {
			isa = PBXShellScriptBuildPhase;
			buildActionMask = 2147483647;
			files = (
			);
			inputFileListPaths = (
				"${PODS_ROOT}/Target Support Files/Pods-Snapchat/Pods-Snapchat-frameworks-${CONFIGURATION}-input-files.xcfilelist",
			);
			name = "[CP] Embed Pods Frameworks";
			outputFileListPaths = (
				"${PODS_ROOT}/Target Support Files/Pods-Snapchat/Pods-Snapchat-frameworks-${CONFIGURATION}-output-files.xcfilelist",
			);
			runOnlyForDeploymentPostprocessing = 0;
			shellPath = /bin/sh;
			shellScript = "\"${PODS_ROOT}/Target Support Files/Pods-Snapchat/Pods-Snapchat-frameworks.sh\"\n";
			showEnvVarsInLog = 0;
		};
		8E61BA1D11A88E18E0CBDF91 /* [CP] Copy Pods Resources */ = {
			isa = PBXShellScriptBuildPhase;
			buildActionMask = 2147483647;
			files = (
			);
			inputFileListPaths = (
				"${PODS_ROOT}/Target Support Files/Pods-Snapchat/Pods-Snapchat-resources-${CONFIGURATION}-input-files.xcfilelist",
			);
			name = "[CP] Copy Pods Resources";
			outputFileListPaths = (
				"${PODS_ROOT}/Target Support Files/Pods-Snapchat/Pods-Snapchat-resources-${CONFIGURATION}-output-files.xcfilelist",
			);
			runOnlyForDeploymentPostprocessing = 0;
			shellPath = /bin/sh;
			shellScript = "\"${PODS_ROOT}/Target Support Files/Pods-Snapchat/Pods-Snapchat-resources.sh\"\n";
			showEnvVarsInLog = 0;
		};
/* End PBXShellScriptBuildPhase section */

/* Begin PBXSourcesBuildPhase section */
		C51FCC8D265EC70D00C7822B /* Sources */ = {
			isa = PBXSourcesBuildPhase;
			buildActionMask = 2147483647;
			files = (
				C523F677266FF61D004A5717 /* SnapsViewController.swift in Sources */,
				C523F679266FFDB3004A5717 /* ImagenViewController.swift in Sources */,
				C57DC0732671398D009620A2 /* Usuario.swift in Sources */,
				C51FCC99265EC70D00C7822B /* iniciarSesionViewController.swift in Sources */,
				C51FCC95265EC70D00C7822B /* AppDelegate.swift in Sources */,
				C5253B912671501A00F3A1FA /* registroViewController.swift in Sources */,
				C51FCC97265EC70D00C7822B /* SceneDelegate.swift in Sources */,
				C57DC06D26711E82009620A2 /* ElegirUsuarioViewController.swift in Sources */,
			);
			runOnlyForDeploymentPostprocessing = 0;
		};
/* End PBXSourcesBuildPhase section */

/* Begin PBXVariantGroup section */
		C51FCC9A265EC70D00C7822B /* Main.storyboard */ = {
			isa = PBXVariantGroup;
			children = (
				C51FCC9B265EC70D00C7822B /* Base */,
			);
			name = Main.storyboard;
			sourceTree = "<group>";
		};
		C51FCC9F265EC72500C7822B /* LaunchScreen.storyboard */ = {
			isa = PBXVariantGroup;
			children = (
				C51FCCA0265EC72500C7822B /* Base */,
			);
			name = LaunchScreen.storyboard;
			sourceTree = "<group>";
		};
/* End PBXVariantGroup section */

/* Begin XCBuildConfiguration section */
		C51FCCA3265EC72500C7822B /* Debug */ = {
			isa = XCBuildConfiguration;
			buildSettings = {
				ALWAYS_SEARCH_USER_PATHS = NO;
				CLANG_ANALYZER_NONNULL = YES;
				CLANG_ANALYZER_NUMBER_OBJECT_CONVERSION = YES_AGGRESSIVE;
				CLANG_CXX_LANGUAGE_STANDARD = "gnu++14";
				CLANG_CXX_LIBRARY = "libc++";
				CLANG_ENABLE_MODULES = YES;
				CLANG_ENABLE_OBJC_ARC = YES;
				CLANG_ENABLE_OBJC_WEAK = YES;
				CLANG_WARN_BLOCK_CAPTURE_AUTORELEASING = YES;
				CLANG_WARN_BOOL_CONVERSION = YES;
				CLANG_WARN_COMMA = YES;
				CLANG_WARN_CONSTANT_CONVERSION = YES;
				CLANG_WARN_DEPRECATED_OBJC_IMPLEMENTATIONS = YES;
				CLANG_WARN_DIRECT_OBJC_ISA_USAGE = YES_ERROR;
				CLANG_WARN_DOCUMENTATION_COMMENTS = YES;
				CLANG_WARN_EMPTY_BODY = YES;
				CLANG_WARN_ENUM_CONVERSION = YES;
				CLANG_WARN_INFINITE_RECURSION = YES;
				CLANG_WARN_INT_CONVERSION = YES;
				CLANG_WARN_NON_LITERAL_NULL_CONVERSION = YES;
				CLANG_WARN_OBJC_IMPLICIT_RETAIN_SELF = YES;
				CLANG_WARN_OBJC_LITERAL_CONVERSION = YES;
				CLANG_WARN_OBJC_ROOT_CLASS = YES_ERROR;
				CLANG_WARN_RANGE_LOOP_ANALYSIS = YES;
				CLANG_WARN_STRICT_PROTOTYPES = YES;
				CLANG_WARN_SUSPICIOUS_MOVE = YES;
				CLANG_WARN_UNGUARDED_AVAILABILITY = YES_AGGRESSIVE;
				CLANG_WARN_UNREACHABLE_CODE = YES;
				CLANG_WARN__DUPLICATE_METHOD_MATCH = YES;
				COPY_PHASE_STRIP = NO;
				DEBUG_INFORMATION_FORMAT = dwarf;
				ENABLE_STRICT_OBJC_MSGSEND = YES;
				ENABLE_TESTABILITY = YES;
				GCC_C_LANGUAGE_STANDARD = gnu11;
				GCC_DYNAMIC_NO_PIC = NO;
				GCC_NO_COMMON_BLOCKS = YES;
				GCC_OPTIMIZATION_LEVEL = 0;
				GCC_PREPROCESSOR_DEFINITIONS = (
					"DEBUG=1",
					"$(inherited)",
				);
				GCC_WARN_64_TO_32_BIT_CONVERSION = YES;
				GCC_WARN_ABOUT_RETURN_TYPE = YES_ERROR;
				GCC_WARN_UNDECLARED_SELECTOR = YES;
				GCC_WARN_UNINITIALIZED_AUTOS = YES_AGGRESSIVE;
				GCC_WARN_UNUSED_FUNCTION = YES;
				GCC_WARN_UNUSED_VARIABLE = YES;
				IPHONEOS_DEPLOYMENT_TARGET = 13.2;
				MTL_ENABLE_DEBUG_INFO = INCLUDE_SOURCE;
				MTL_FAST_MATH = YES;
				ONLY_ACTIVE_ARCH = YES;
				SDKROOT = iphoneos;
				SWIFT_ACTIVE_COMPILATION_CONDITIONS = DEBUG;
				SWIFT_OPTIMIZATION_LEVEL = "-Onone";
			};
			name = Debug;
		};
		C51FCCA4265EC72500C7822B /* Release */ = {
			isa = XCBuildConfiguration;
			buildSettings = {
				ALWAYS_SEARCH_USER_PATHS = NO;
				CLANG_ANALYZER_NONNULL = YES;
				CLANG_ANALYZER_NUMBER_OBJECT_CONVERSION = YES_AGGRESSIVE;
				CLANG_CXX_LANGUAGE_STANDARD = "gnu++14";
				CLANG_CXX_LIBRARY = "libc++";
				CLANG_ENABLE_MODULES = YES;
				CLANG_ENABLE_OBJC_ARC = YES;
				CLANG_ENABLE_OBJC_WEAK = YES;
				CLANG_WARN_BLOCK_CAPTURE_AUTORELEASING = YES;
				CLANG_WARN_BOOL_CONVERSION = YES;
				CLANG_WARN_COMMA = YES;
				CLANG_WARN_CONSTANT_CONVERSION = YES;
				CLANG_WARN_DEPRECATED_OBJC_IMPLEMENTATIONS = YES;
				CLANG_WARN_DIRECT_OBJC_ISA_USAGE = YES_ERROR;
				CLANG_WARN_DOCUMENTATION_COMMENTS = YES;
				CLANG_WARN_EMPTY_BODY = YES;
				CLANG_WARN_ENUM_CONVERSION = YES;
				CLANG_WARN_INFINITE_RECURSION = YES;
				CLANG_WARN_INT_CONVERSION = YES;
				CLANG_WARN_NON_LITERAL_NULL_CONVERSION = YES;
				CLANG_WARN_OBJC_IMPLICIT_RETAIN_SELF = YES;
				CLANG_WARN_OBJC_LITERAL_CONVERSION = YES;
				CLANG_WARN_OBJC_ROOT_CLASS = YES_ERROR;
				CLANG_WARN_RANGE_LOOP_ANALYSIS = YES;
				CLANG_WARN_STRICT_PROTOTYPES = YES;
				CLANG_WARN_SUSPICIOUS_MOVE = YES;
				CLANG_WARN_UNGUARDED_AVAILABILITY = YES_AGGRESSIVE;
				CLANG_WARN_UNREACHABLE_CODE = YES;
				CLANG_WARN__DUPLICATE_METHOD_MATCH = YES;
				COPY_PHASE_STRIP = NO;
				DEBUG_INFORMATION_FORMAT = "dwarf-with-dsym";
				ENABLE_NS_ASSERTIONS = NO;
				ENABLE_STRICT_OBJC_MSGSEND = YES;
				GCC_C_LANGUAGE_STANDARD = gnu11;
				GCC_NO_COMMON_BLOCKS = YES;
				GCC_WARN_64_TO_32_BIT_CONVERSION = YES;
				GCC_WARN_ABOUT_RETURN_TYPE = YES_ERROR;
				GCC_WARN_UNDECLARED_SELECTOR = YES;
				GCC_WARN_UNINITIALIZED_AUTOS = YES_AGGRESSIVE;
				GCC_WARN_UNUSED_FUNCTION = YES;
				GCC_WARN_UNUSED_VARIABLE = YES;
				IPHONEOS_DEPLOYMENT_TARGET = 13.2;
				MTL_ENABLE_DEBUG_INFO = NO;
				MTL_FAST_MATH = YES;
				SDKROOT = iphoneos;
				SWIFT_COMPILATION_MODE = wholemodule;
				SWIFT_OPTIMIZATION_LEVEL = "-O";
				VALIDATE_PRODUCT = YES;
			};
			name = Release;
		};
		C51FCCA6265EC72500C7822B /* Debug */ = {
			isa = XCBuildConfiguration;
			baseConfigurationReference = 9ACD2C205850AF93B05B118F /* Pods-Snapchat.debug.xcconfig */;
			buildSettings = {
				ASSETCATALOG_COMPILER_APPICON_NAME = AppIcon;
				CODE_SIGN_ENTITLEMENTS = Snapchat/Snapchat.entitlements;
				CODE_SIGN_IDENTITY = "Apple Development";
				CODE_SIGN_STYLE = Automatic;
				DEVELOPMENT_TEAM = 4V8SZ9637J;
				INFOPLIST_FILE = Snapchat/Info.plist;
				LD_RUNPATH_SEARCH_PATHS = (
					"$(inherited)",
					"@executable_path/Frameworks",
				);
				PRODUCT_BUNDLE_IDENTIFIER = com.wilson.Snapchat;
				PRODUCT_NAME = "$(TARGET_NAME)";
				PROVISIONING_PROFILE_SPECIFIER = "";
				SWIFT_VERSION = 5.0;
				TARGETED_DEVICE_FAMILY = "1,2";
			};
			name = Debug;
		};
		C51FCCA7265EC72500C7822B /* Release */ = {
			isa = XCBuildConfiguration;
			baseConfigurationReference = 79CA2A9B97D2E1084A59D4C3 /* Pods-Snapchat.release.xcconfig */;
			buildSettings = {
				ASSETCATALOG_COMPILER_APPICON_NAME = AppIcon;
				CODE_SIGN_ENTITLEMENTS = Snapchat/Snapchat.entitlements;
				CODE_SIGN_IDENTITY = "Apple Development";
				CODE_SIGN_STYLE = Automatic;
				DEVELOPMENT_TEAM = 4V8SZ9637J;
				INFOPLIST_FILE = Snapchat/Info.plist;
				LD_RUNPATH_SEARCH_PATHS = (
					"$(inherited)",
					"@executable_path/Frameworks",
				);
				PRODUCT_BUNDLE_IDENTIFIER = com.wilson.Snapchat;
				PRODUCT_NAME = "$(TARGET_NAME)";
				PROVISIONING_PROFILE_SPECIFIER = "";
				SWIFT_VERSION = 5.0;
				TARGETED_DEVICE_FAMILY = "1,2";
			};
			name = Release;
		};
/* End XCBuildConfiguration section */

/* Begin XCConfigurationList section */
		C51FCC8C265EC70D00C7822B /* Build configuration list for PBXProject "Snapchat" */ = {
			isa = XCConfigurationList;
			buildConfigurations = (
				C51FCCA3265EC72500C7822B /* Debug */,
				C51FCCA4265EC72500C7822B /* Release */,
			);
			defaultConfigurationIsVisible = 0;
			defaultConfigurationName = Release;
		};
		C51FCCA5265EC72500C7822B /* Build configuration list for PBXNativeTarget "Snapchat" */ = {
			isa = XCConfigurationList;
			buildConfigurations = (
				C51FCCA6265EC72500C7822B /* Debug */,
				C51FCCA7265EC72500C7822B /* Release */,
			);
			defaultConfigurationIsVisible = 0;
			defaultConfigurationName = Release;
		};
/* End XCConfigurationList section */
	};
	rootObject = C51FCC89265EC70D00C7822B /* Project object */;
}
